
Microsoft Visual Studio Solution File, Format Version 12.00
# Visual Studio Version 17
VisualStudioVersion = 17.4.33213.308
MinimumVisualStudioVersion = 10.0.40219.1
Project("{FAE04EC0-301F-11D3-BF4B-00C04F79EFBC}") = "prjExercicio6Aula4", "prjExercicio6Aula4\prjExercicio6Aula4.csproj", "{AB4AF306-05E9-4837-88EE-0C79C90134FD}"
EndProject
Global
	GlobalSection(SolutionConfigurationPlatforms) = preSolution
		Debug|Any CPU = Debug|Any CPU
		Release|Any CPU = Release|Any CPU
	EndGlobalSection
	GlobalSection(ProjectConfigurationPlatforms) = postSolution
		{AB4AF306-05E9-4837-88EE-0C79C90134FD}.Debug|Any CPU.ActiveCfg = Debug|Any CPU
		{AB4AF306-05E9-4837-88EE-0C79C90134FD}.Debug|Any CPU.Build.0 = Debug|Any CPU
		{AB4AF306-05E9-4837-88EE-0C79C90134FD}.Release|Any CPU.ActiveCfg = Release|Any CPU
		{AB4AF306-05E9-4837-88EE-0C79C90134FD}.Release|Any CPU.Build.0 = Release|Any CPU
	EndGlobalSection
	GlobalSection(SolutionProperties) = preSolution
		HideSolutionNode = FALSE
	EndGlobalSection
	GlobalSection(ExtensibilityGlobals) = postSolution
		SolutionGuid = {133B11C1-B8ED-48FB-8788-4E227245B1DC}
	EndGlobalSection
EndGlobal
